// !$*UTF8*$!
{
	archiveVersion = 1;
	classes = {
	};
	objectVersion = 56;
	objects = {

/* Begin PBXBuildFile section */
		C1000001 /* SudokuGameApp.swift in Sources */ = {isa = PBXBuildFile; fileRef = B1000001 /* SudokuGameApp.swift */; };
		C1000002 /* Assets.xcassets in Resources */ = {isa = PBXBuildFile; fileRef = B1000002 /* Assets.xcassets */; };
		C1000004 /* PrivacyInfo.xcprivacy in Resources */ = {isa = PBXBuildFile; fileRef = B1000004 /* PrivacyInfo.xcprivacy */; };
		C1000005 /* Achievement.swift in Sources */ = {isa = PBXBuildFile; fileRef = B1000005 /* Achievement.swift */; };
		C1000006 /* Difficulty.swift in Sources */ = {isa = PBXBuildFile; fileRef = B1000006 /* Difficulty.swift */; };
		C1000007 /* GameModel.swift in Sources */ = {isa = PBXBuildFile; fileRef = B1000007 /* GameModel.swift */; };
		C1000008 /* Settings.swift in Sources */ = {isa = PBXBuildFile; fileRef = B1000008 /* Settings.swift */; };
		C1000009 /* SudokuGenerator.swift in Sources */ = {isa = PBXBuildFile; fileRef = B1000009 /* SudokuGenerator.swift */; };
		C1000010 /* Haptics.swift in Sources */ = {isa = PBXBuildFile; fileRef = B1000010 /* Haptics.swift */; };
		C1000011 /* MusicManager.swift in Sources */ = {isa = PBXBuildFile; fileRef = B1000011 /* MusicManager.swift */; };
		C1000012 /* SoundManager.swift in Sources */ = {isa = PBXBuildFile; fileRef = B1000012 /* SoundManager.swift */; };
		C1000013 /* AchievementsView.swift in Sources */ = {isa = PBXBuildFile; fileRef = B1000013 /* AchievementsView.swift */; };
		C1000014 /* BoardView.swift in Sources */ = {isa = PBXBuildFile; fileRef = B1000014 /* BoardView.swift */; };
		C1000015 /* Components.swift in Sources */ = {isa = PBXBuildFile; fileRef = B1000015 /* Components.swift */; };
		C1000016 /* ConfettiView.swift in Sources */ = {isa = PBXBuildFile; fileRef = B1000016 /* ConfettiView.swift */; };
		C1000017 /* DailyView.swift in Sources */ = {isa = PBXBuildFile; fileRef = B1000017 /* DailyView.swift */; };
		C1000018 /* GameView.swift in Sources */ = {isa = PBXBuildFile; fileRef = B1000018 /* GameView.swift */; };
		C1000019 /* HomeView.swift in Sources */ = {isa = PBXBuildFile; fileRef = B1000019 /* HomeView.swift */; };
		C1000020 /* LivingBackground.swift in Sources */ = {isa = PBXBuildFile; fileRef = B1000020 /* LivingBackground.swift */; };
		C1000021 /* NumberPadView.swift in Sources */ = {isa = PBXBuildFile; fileRef = B1000021 /* NumberPadView.swift */; };
		C1000022 /* OnboardingView.swift in Sources */ = {isa = PBXBuildFile; fileRef = B1000022 /* OnboardingView.swift */; };
		C1000023 /* RootView.swift in Sources */ = {isa = PBXBuildFile; fileRef = B1000023 /* RootView.swift */; };
		C1000024 /* SantaiCat.swift in Sources */ = {isa = PBXBuildFile; fileRef = B1000024 /* SantaiCat.swift */; };
		C1000025 /* SettingsView.swift in Sources */ = {isa = PBXBuildFile; fileRef = B1000025 /* SettingsView.swift */; };
		C1000026 /* SplashView.swift in Sources */ = {isa = PBXBuildFile; fileRef = B1000026 /* SplashView.swift */; };
		C1000027 /* Theme.swift in Sources */ = {isa = PBXBuildFile; fileRef = B1000027 /* Theme.swift */; };
		C1000028 /* WinView.swift in Sources */ = {isa = PBXBuildFile; fileRef = B1000028 /* WinView.swift */; };
		C1000029 /* button.wav in Resources */ = {isa = PBXBuildFile; fileRef = B1000029 /* button.wav */; };
		C1000030 /* erase.wav in Resources */ = {isa = PBXBuildFile; fileRef = B1000030 /* erase.wav */; };
		C1000031 /* error.wav in Resources */ = {isa = PBXBuildFile; fileRef = B1000031 /* error.wav */; };
		C1000032 /* group.wav in Resources */ = {isa = PBXBuildFile; fileRef = B1000032 /* group.wav */; };
		C1000033 /* hint.wav in Resources */ = {isa = PBXBuildFile; fileRef = B1000033 /* hint.wav */; };
		C1000034 /* music.m4a in Resources */ = {isa = PBXBuildFile; fileRef = B1000034 /* music.m4a */; };
		C1000035 /* place.wav in Resources */ = {isa = PBXBuildFile; fileRef = B1000035 /* place.wav */; };
		C1000036 /* star.wav in Resources */ = {isa = PBXBuildFile; fileRef = B1000036 /* star.wav */; };
		C1000037 /* tap.wav in Resources */ = {isa = PBXBuildFile; fileRef = B1000037 /* tap.wav */; };
		C1000038 /* win.wav in Resources */ = {isa = PBXBuildFile; fileRef = B1000038 /* win.wav */; };
/* End PBXBuildFile section */

/* Begin PBXFileReference section */
		A1000011 /* SudokuGame.app */ = {isa = PBXFileReference; explicitFileType = wrapper.application; includeInIndex = 0; path = SudokuGame.app; sourceTree = BUILT_PRODUCTS_DIR; };
		B1000001 /* SudokuGameApp.swift */ = {isa = PBXFileReference; lastKnownFileType = sourcecode.swift; path = SudokuGameApp.swift; sourceTree = "<group>"; };
		B1000002 /* Assets.xcassets */ = {isa = PBXFileReference; lastKnownFileType = folder.assetcatalog; path = Assets.xcassets; sourceTree = "<group>"; };
		B1000003 /* Info.plist */ = {isa = PBXFileReference; lastKnownFileType = text.plist.xml; path = Info.plist; sourceTree = "<group>"; };
		B1000004 /* PrivacyInfo.xcprivacy */ = {isa = PBXFileReference; lastKnownFileType = text.xml; path = PrivacyInfo.xcprivacy; sourceTree = "<group>"; };
		B1000005 /* Achievement.swift */ = {isa = PBXFileReference; lastKnownFileType = sourcecode.swift; path = Achievement.swift; sourceTree = "<group>"; };
		B1000006 /* Difficulty.swift */ = {isa = PBXFileReference; lastKnownFileType = sourcecode.swift; path = Difficulty.swift; sourceTree = "<group>"; };
		B1000007 /* GameModel.swift */ = {isa = PBXFileReference; lastKnownFileType = sourcecode.swift; path = GameModel.swift; sourceTree = "<group>"; };
		B1000008 /* Settings.swift */ = {isa = PBXFileReference; lastKnownFileType = sourcecode.swift; path = Settings.swift; sourceTree = "<group>"; };
		B1000009 /* SudokuGenerator.swift */ = {isa = PBXFileReference; lastKnownFileType = sourcecode.swift; path = SudokuGenerator.swift; sourceTree = "<group>"; };
		B1000010 /* Haptics.swift */ = {isa = PBXFileReference; lastKnownFileType = sourcecode.swift; path = Haptics.swift; sourceTree = "<group>"; };
		B1000011 /* MusicManager.swift */ = {isa = PBXFileReference; lastKnownFileType = sourcecode.swift; path = MusicManager.swift; sourceTree = "<group>"; };
		B1000012 /* SoundManager.swift */ = {isa = PBXFileReference; lastKnownFileType = sourcecode.swift; path = SoundManager.swift; sourceTree = "<group>"; };
		B1000013 /* AchievementsView.swift */ = {isa = PBXFileReference; lastKnownFileType = sourcecode.swift; path = AchievementsView.swift; sourceTree = "<group>"; };
		B1000014 /* BoardView.swift */ = {isa = PBXFileReference; lastKnownFileType = sourcecode.swift; path = BoardView.swift; sourceTree = "<group>"; };
		B1000015 /* Components.swift */ = {isa = PBXFileReference; lastKnownFileType = sourcecode.swift; path = Components.swift; sourceTree = "<group>"; };
		B1000016 /* ConfettiView.swift */ = {isa = PBXFileReference; lastKnownFileType = sourcecode.swift; path = ConfettiView.swift; sourceTree = "<group>"; };
		B1000017 /* DailyView.swift */ = {isa = PBXFileReference; lastKnownFileType = sourcecode.swift; path = DailyView.swift; sourceTree = "<group>"; };
		B1000018 /* GameView.swift */ = {isa = PBXFileReference; lastKnownFileType = sourcecode.swift; path = GameView.swift; sourceTree = "<group>"; };
		B1000019 /* HomeView.swift */ = {isa = PBXFileReference; lastKnownFileType = sourcecode.swift; path = HomeView.swift; sourceTree = "<group>"; };
		B1000020 /* LivingBackground.swift */ = {isa = PBXFileReference; lastKnownFileType = sourcecode.swift; path = LivingBackground.swift; sourceTree = "<group>"; };
		B1000021 /* NumberPadView.swift */ = {isa = PBXFileReference; lastKnownFileType = sourcecode.swift; path = NumberPadView.swift; sourceTree = "<group>"; };
		B1000022 /* OnboardingView.swift */ = {isa = PBXFileReference; lastKnownFileType = sourcecode.swift; path = OnboardingView.swift; sourceTree = "<group>"; };
		B1000023 /* RootView.swift */ = {isa = PBXFileReference; lastKnownFileType = sourcecode.swift; path = RootView.swift; sourceTree = "<group>"; };
		B1000024 /* SantaiCat.swift */ = {isa = PBXFileReference; lastKnownFileType = sourcecode.swift; path = SantaiCat.swift; sourceTree = "<group>"; };
		B1000025 /* SettingsView.swift */ = {isa = PBXFileReference; lastKnownFileType = sourcecode.swift; path = SettingsView.swift; sourceTree = "<group>"; };
		B1000026 /* SplashView.swift */ = {isa = PBXFileReference; lastKnownFileType = sourcecode.swift; path = SplashView.swift; sourceTree = "<group>"; };
		B1000027 /* Theme.swift */ = {isa = PBXFileReference; lastKnownFileType = sourcecode.swift; path = Theme.swift; sourceTree = "<group>"; };
		B1000028 /* WinView.swift */ = {isa = PBXFileReference; lastKnownFileType = sourcecode.swift; path = WinView.swift; sourceTree = "<group>"; };
		B1000029 /* button.wav */ = {isa = PBXFileReference; lastKnownFileType = audio.wav; path = button.wav; sourceTree = "<group>"; };
		B1000030 /* erase.wav */ = {isa = PBXFileReference; lastKnownFileType = audio.wav; path = erase.wav; sourceTree = "<group>"; };
		B1000031 /* error.wav */ = {isa = PBXFileReference; lastKnownFileType = audio.wav; path = error.wav; sourceTree = "<group>"; };
		B1000032 /* group.wav */ = {isa = PBXFileReference; lastKnownFileType = audio.wav; path = group.wav; sourceTree = "<group>"; };
		B1000033 /* hint.wav */ = {isa = PBXFileReference; lastKnownFileType = audio.wav; path = hint.wav; sourceTree = "<group>"; };
		B1000034 /* music.m4a */ = {isa = PBXFileReference; lastKnownFileType = file; path = music.m4a; sourceTree = "<group>"; };
		B1000035 /* place.wav */ = {isa = PBXFileReference; lastKnownFileType = audio.wav; path = place.wav; sourceTree = "<group>"; };
		B1000036 /* star.wav */ = {isa = PBXFileReference; lastKnownFileType = audio.wav; path = star.wav; sourceTree = "<group>"; };
		B1000037 /* tap.wav */ = {isa = PBXFileReference; lastKnownFileType = audio.wav; path = tap.wav; sourceTree = "<group>"; };
		B1000038 /* win.wav */ = {isa = PBXFileReference; lastKnownFileType = audio.wav; path = win.wav; sourceTree = "<group>"; };
/* End PBXFileReference section */

/* Begin PBXFrameworksBuildPhase section */
		A1000013 /* Frameworks */ = {
			isa = PBXFrameworksBuildPhase;
			buildActionMask = 2147483647;
			files = (
			);
			runOnlyForDeploymentPostprocessing = 0;
		};
/* End PBXFrameworksBuildPhase section */

/* Begin PBXGroup section */
		A1000014 = {
			isa = PBXGroup;
			children = (
				A1000015 /* SudokuGame */,
				A1000016 /* Products */,
			);
			sourceTree = "<group>";
		};
		A1000015 /* SudokuGame */ = {
			isa = PBXGroup;
			children = (
				B1000001 /* SudokuGameApp.swift */,
				A1000018 /* Models */,
				D1000001 /* Services */,
				A1000017 /* Views */,
				D1000002 /* Sounds */,
				B1000002 /* Assets.xcassets */,
				B1000003 /* Info.plist */,
				B1000004 /* PrivacyInfo.xcprivacy */,
			);
			path = SudokuGame;
			sourceTree = "<group>";
		};
		A1000016 /* Products */ = {
			isa = PBXGroup;
			children = (
				A1000011 /* SudokuGame.app */,
			);
			name = Products;
			sourceTree = "<group>";
		};
		A1000018 /* Models */ = {
			isa = PBXGroup;
			children = (
				B1000005 /* Achievement.swift */,
				B1000006 /* Difficulty.swift */,
				B1000007 /* GameModel.swift */,
				B1000008 /* Settings.swift */,
				B1000009 /* SudokuGenerator.swift */,
			);
			path = Models;
			sourceTree = "<group>";
		};
		D1000001 /* Services */ = {
			isa = PBXGroup;
			children = (
				B1000010 /* Haptics.swift */,
				B1000011 /* MusicManager.swift */,
				B1000012 /* SoundManager.swift */,
			);
			path = Services;
			sourceTree = "<group>";
		};
		A1000017 /* Views */ = {
			isa = PBXGroup;
			children = (
				B1000013 /* AchievementsView.swift */,
				B1000014 /* BoardView.swift */,
				B1000015 /* Components.swift */,
				B1000016 /* ConfettiView.swift */,
				B1000017 /* DailyView.swift */,
				B1000018 /* GameView.swift */,
				B1000019 /* HomeView.swift */,
				B1000020 /* LivingBackground.swift */,
				B1000021 /* NumberPadView.swift */,
				B1000022 /* OnboardingView.swift */,
				B1000023 /* RootView.swift */,
				B1000024 /* SantaiCat.swift */,
				B1000025 /* SettingsView.swift */,
				B1000026 /* SplashView.swift */,
				B1000027 /* Theme.swift */,
				B1000028 /* WinView.swift */,
			);
			path = Views;
			sourceTree = "<group>";
		};
		D1000002 /* Sounds */ = {
			isa = PBXGroup;
			children = (
				B1000029 /* button.wav */,
				B1000030 /* erase.wav */,
				B1000031 /* error.wav */,
				B1000032 /* group.wav */,
				B1000033 /* hint.wav */,
				B1000034 /* music.m4a */,
				B1000035 /* place.wav */,
				B1000036 /* star.wav */,
				B1000037 /* tap.wav */,
				B1000038 /* win.wav */,
			);
			path = Sounds;
			sourceTree = "<group>";
		};
/* End PBXGroup section */

/* Begin PBXNativeTarget section */
		A1000019 /* SudokuGame */ = {
			isa = PBXNativeTarget;
			buildConfigurationList = A1000020 /* Build configuration list for PBXNativeTarget "SudokuGame" */;
			buildPhases = (
				A1000021 /* Sources */,
				A1000013 /* Frameworks */,
				A1000022 /* Resources */,
			);
			buildRules = (
			);
			dependencies = (
			);
			name = SudokuGame;
			productName = SudokuGame;
			productReference = A1000011 /* SudokuGame.app */;
			productType = "com.apple.product-type.application";
		};
/* End PBXNativeTarget section */

/* Begin PBXProject section */
		A1000023 /* Project object */ = {
			isa = PBXProject;
			attributes = {
				BuildIndependentTargetsInParallel = 1;
				LastSwiftUpdateCheck = 1500;
				LastUpgradeCheck = 1500;
				TargetAttributes = {
					A1000019 = {
						CreatedOnToolsVersion = 15.0;
					};
				};
			};
			buildConfigurationList = A1000024 /* Build configuration list for PBXProject "SudokuGame" */;
			compatibilityVersion = "Xcode 14.0";
			developmentRegion = en;
			hasScannedForEncodings = 0;
			knownRegions = (
				en,
				Base,
			);
			mainGroup = A1000014;
			productRefGroup = A1000016 /* Products */;
			projectDirPath = "";
			projectRoot = "";
			targets = (
				A1000019 /* SudokuGame */,
			);
		};
/* End PBXProject section */

/* Begin PBXResourcesBuildPhase section */
		A1000022 /* Resources */ = {
			isa = PBXResourcesBuildPhase;
			buildActionMask = 2147483647;
			files = (
				C1000002 /* Assets.xcassets in Resources */,
				C1000004 /* PrivacyInfo.xcprivacy in Resources */,
				C1000029 /* button.wav in Resources */,
				C1000030 /* erase.wav in Resources */,
				C1000031 /* error.wav in Resources */,
				C1000032 /* group.wav in Resources */,
				C1000033 /* hint.wav in Resources */,
				C1000034 /* music.m4a in Resources */,
				C1000035 /* place.wav in Resources */,
				C1000036 /* star.wav in Resources */,
				C1000037 /* tap.wav in Resources */,
				C1000038 /* win.wav in Resources */,
			);
			runOnlyForDeploymentPostprocessing = 0;
		};
/* End PBXResourcesBuildPhase section */

/* Begin PBXSourcesBuildPhase section */
		A1000021 /* Sources */ = {
			isa = PBXSourcesBuildPhase;
			buildActionMask = 2147483647;
			files = (
				C1000001 /* SudokuGameApp.swift in Sources */,
				C1000005 /* Achievement.swift in Sources */,
				C1000006 /* Difficulty.swift in Sources */,
				C1000007 /* GameModel.swift in Sources */,
				C1000008 /* Settings.swift in Sources */,
				C1000009 /* SudokuGenerator.swift in Sources */,
				C1000010 /* Haptics.swift in Sources */,
				C1000011 /* MusicManager.swift in Sources */,
				C1000012 /* SoundManager.swift in Sources */,
				C1000013 /* AchievementsView.swift in Sources */,
				C1000014 /* BoardView.swift in Sources */,
				C1000015 /* Components.swift in Sources */,
				C1000016 /* ConfettiView.swift in Sources */,
				C1000017 /* DailyView.swift in Sources */,
				C1000018 /* GameView.swift in Sources */,
				C1000019 /* HomeView.swift in Sources */,
				C1000020 /* LivingBackground.swift in Sources */,
				C1000021 /* NumberPadView.swift in Sources */,
				C1000022 /* OnboardingView.swift in Sources */,
				C1000023 /* RootView.swift in Sources */,
				C1000024 /* SantaiCat.swift in Sources */,
				C1000025 /* SettingsView.swift in Sources */,
				C1000026 /* SplashView.swift in Sources */,
				C1000027 /* Theme.swift in Sources */,
				C1000028 /* WinView.swift in Sources */,
			);
			runOnlyForDeploymentPostprocessing = 0;
		};
/* End PBXSourcesBuildPhase section */

/* Begin XCBuildConfiguration section */
		A1000025 /* Debug */ = {
			isa = XCBuildConfiguration;
			buildSettings = {
				ALWAYS_SEARCH_USER_PATHS = NO;
				ASSETCATALOG_COMPILER_GENERATE_SWIFT_ASSET_SYMBOL_EXTENSIONS = YES;
				CLANG_ANALYZER_NONNULL = YES;
				CLANG_ANALYZER_NUMBER_OBJECT_CONVERSION = YES_AGGRESSIVE;
				CLANG_CXX_LANGUAGE_STANDARD = "gnu++20";
				CLANG_ENABLE_MODULES = YES;
				CLANG_ENABLE_OBJC_ARC = YES;
				CLANG_ENABLE_OBJC_WEAK = YES;
				CLANG_WARN_BLOCK_CAPTURE_AUTORELEASING = YES;
				CLANG_WARN_BOOL_CONVERSION = YES;
				CLANG_WARN_COMMA = YES;
				CLANG_WARN_CONSTANT_CONVERSION = YES;
				CLANG_WARN_DEPRECATED_OBJC_IMPLEMENTATIONS = YES;
				CLANG_WARN_DIRECT_OBJC_ISA_USAGE = YES_ERROR;
				CLANG_WARN_DOCUMENTATION_COMMENTS = YES;
				CLANG_WARN_EMPTY_BODY = YES;
				CLANG_WARN_ENUM_CONVERSION = YES;
				CLANG_WARN_INFINITE_RECURSION = YES;
				CLANG_WARN_INT_CONVERSION = YES;
				CLANG_WARN_NON_LITERAL_NULL_CONVERSION = YES;
				CLANG_WARN_OBJC_IMPLICIT_RETAIN_SELF = YES;
				CLANG_WARN_OBJC_LITERAL_CONVERSION = YES;
				CLANG_WARN_OBJC_ROOT_CLASS = YES_ERROR;
				CLANG_WARN_QUOTED_INCLUDE_IN_FRAMEWORK_HEADER = YES;
				CLANG_WARN_RANGE_LOOP_ANALYSIS = YES;
				CLANG_WARN_STRICT_PROTOTYPES = YES;
				CLANG_WARN_SUSPICIOUS_MOVE = YES;
				CLANG_WARN_UNGUARDED_AVAILABILITY = YES_AGGRESSIVE;
				CLANG_WARN_UNREACHABLE_CODE = YES;
				CLANG_WARN__DUPLICATE_METHOD_MATCH = YES;
				COPY_PHASE_STRIP = NO;
				DEBUG_INFORMATION_FORMAT = dwarf;
				ENABLE_STRICT_OBJC_MSGSEND = YES;
				ENABLE_TESTABILITY = YES;
				ENABLE_USER_SCRIPT_SANDBOXING = YES;
				GCC_C_LANGUAGE_STANDARD = gnu17;
				GCC_DYNAMIC_NO_PIC = NO;
				GCC_NO_COMMON_BLOCKS = YES;
				GCC_OPTIMIZATION_LEVEL = 0;
				GCC_PREPROCESSOR_DEFINITIONS = (
					"DEBUG=1",
					"$(inherited)",
				);
				GCC_WARN_64_TO_32_BIT_CONVERSION = YES;
				GCC_WARN_ABOUT_RETURN_TYPE = YES_ERROR;
				GCC_WARN_UNDECLARED_SELECTOR = YES;
				GCC_WARN_UNINITIALIZED_AUTOS = YES_AGGRESSIVE;
				GCC_WARN_UNUSED_FUNCTION = YES;
				GCC_WARN_UNUSED_VARIABLE = YES;
				IPHONEOS_DEPLOYMENT_TARGET = 15.0;
				LOCALIZATION_PREFERS_STRING_CATALOGS = YES;
				MTL_ENABLE_DEBUG_INFO = INCLUDE_SOURCE;
				MTL_FAST_MATH = YES;
				ONLY_ACTIVE_ARCH = YES;
				SDKROOT = iphoneos;
				SWIFT_ACTIVE_COMPILATION_CONDITIONS = "DEBUG $(inherited)";
				SWIFT_OPTIMIZATION_LEVEL = "-Onone";
			};
			name = Debug;
		};
		A1000026 /* Release */ = {
			isa = XCBuildConfiguration;
			buildSettings = {
				ALWAYS_SEARCH_USER_PATHS = NO;
				ASSETCATALOG_COMPILER_GENERATE_SWIFT_ASSET_SYMBOL_EXTENSIONS = YES;
				CLANG_ANALYZER_NONNULL = YES;
				CLANG_ANALYZER_NUMBER_OBJECT_CONVERSION = YES_AGGRESSIVE;
				CLANG_CXX_LANGUAGE_STANDARD = "gnu++20";
				CLANG_ENABLE_MODULES = YES;
				CLANG_ENABLE_OBJC_ARC = YES;
				CLANG_ENABLE_OBJC_WEAK = YES;
				CLANG_WARN_BLOCK_CAPTURE_AUTORELEASING = YES;
				CLANG_WARN_BOOL_CONVERSION = YES;
				CLANG_WARN_COMMA = YES;
				CLANG_WARN_CONSTANT_CONVERSION = YES;
				CLANG_WARN_DEPRECATED_OBJC_IMPLEMENTATIONS = YES;
				CLANG_WARN_DIRECT_OBJC_ISA_USAGE = YES_ERROR;
				CLANG_WARN_DOCUMENTATION_COMMENTS = YES;
				CLANG_WARN_EMPTY_BODY = YES;
				CLANG_WARN_ENUM_CONVERSION = YES;
				CLANG_WARN_INFINITE_RECURSION = YES;
				CLANG_WARN_INT_CONVERSION = YES;
				CLANG_WARN_NON_LITERAL_NULL_CONVERSION = YES;
				CLANG_WARN_OBJC_IMPLICIT_RETAIN_SELF = YES;
				CLANG_WARN_OBJC_LITERAL_CONVERSION = YES;
				CLANG_WARN_OBJC_ROOT_CLASS = YES_ERROR;
				CLANG_WARN_QUOTED_INCLUDE_IN_FRAMEWORK_HEADER = YES;
				CLANG_WARN_RANGE_LOOP_ANALYSIS = YES;
				CLANG_WARN_STRICT_PROTOTYPES = YES;
				CLANG_WARN_SUSPICIOUS_MOVE = YES;
				CLANG_WARN_UNGUARDED_AVAILABILITY = YES_AGGRESSIVE;
				CLANG_WARN_UNREACHABLE_CODE = YES;
				CLANG_WARN__DUPLICATE_METHOD_MATCH = YES;
				COPY_PHASE_STRIP = NO;
				DEBUG_INFORMATION_FORMAT = "dwarf-with-dsym";
				ENABLE_NS_ASSERTIONS = NO;
				ENABLE_STRICT_OBJC_MSGSEND = YES;
				ENABLE_USER_SCRIPT_SANDBOXING = YES;
				GCC_C_LANGUAGE_STANDARD = gnu17;
				GCC_NO_COMMON_BLOCKS = YES;
				GCC_WARN_64_TO_32_BIT_CONVERSION = YES;
				GCC_WARN_ABOUT_RETURN_TYPE = YES_ERROR;
				GCC_WARN_UNDECLARED_SELECTOR = YES;
				GCC_WARN_UNINITIALIZED_AUTOS = YES_AGGRESSIVE;
				GCC_WARN_UNUSED_FUNCTION = YES;
				GCC_WARN_UNUSED_VARIABLE = YES;
				IPHONEOS_DEPLOYMENT_TARGET = 15.0;
				LOCALIZATION_PREFERS_STRING_CATALOGS = YES;
				MTL_ENABLE_DEBUG_INFO = NO;
				MTL_FAST_MATH = YES;
				SDKROOT = iphoneos;
				SWIFT_COMPILATION_MODE = wholemodule;
				VALIDATE_PRODUCT = YES;
			};
			name = Release;
		};
		A1000027 /* Debug */ = {
			isa = XCBuildConfiguration;
			buildSettings = {
				ASSETCATALOG_COMPILER_APPICON_NAME = AppIcon;
				ASSETCATALOG_COMPILER_GLOBAL_ACCENT_COLOR_NAME = AccentColor;
				CODE_SIGN_STYLE = Automatic;
				CURRENT_PROJECT_VERSION = 1;
				DEVELOPMENT_TEAM = "";
				ENABLE_PREVIEWS = YES;
				GENERATE_INFOPLIST_FILE = NO;
				INFOPLIST_FILE = SudokuGame/Info.plist;
				LD_RUNPATH_SEARCH_PATHS = (
					"$(inherited)",
					"@executable_path/Frameworks",
				);
				MARKETING_VERSION = 1.0;
				PRODUCT_BUNDLE_IDENTIFIER = com.ashrafnaim.sudoku;
				PRODUCT_NAME = "$(TARGET_NAME)";
				SWIFT_EMIT_LOC_STRINGS = YES;
				SWIFT_VERSION = 5.0;
				TARGETED_DEVICE_FAMILY = "1,2";
			};
			name = Debug;
		};
		A1000028 /* Release */ = {
			isa = XCBuildConfiguration;
			buildSettings = {
				ASSETCATALOG_COMPILER_APPICON_NAME = AppIcon;
				ASSETCATALOG_COMPILER_GLOBAL_ACCENT_COLOR_NAME = AccentColor;
				CODE_SIGN_STYLE = Automatic;
				CURRENT_PROJECT_VERSION = 1;
				DEVELOPMENT_TEAM = "";
				ENABLE_PREVIEWS = YES;
				GENERATE_INFOPLIST_FILE = NO;
				INFOPLIST_FILE = SudokuGame/Info.plist;
				LD_RUNPATH_SEARCH_PATHS = (
					"$(inherited)",
					"@executable_path/Frameworks",
				);
				MARKETING_VERSION = 1.0;
				PRODUCT_BUNDLE_IDENTIFIER = com.ashrafnaim.sudoku;
				PRODUCT_NAME = "$(TARGET_NAME)";
				SWIFT_EMIT_LOC_STRINGS = YES;
				SWIFT_VERSION = 5.0;
				TARGETED_DEVICE_FAMILY = "1,2";
			};
			name = Release;
		};
/* End XCBuildConfiguration section */

/* Begin XCConfigurationList section */
		A1000020 /* Build configuration list for PBXNativeTarget "SudokuGame" */ = {
			isa = XCConfigurationList;
			buildConfigurations = (
				A1000027 /* Debug */,
				A1000028 /* Release */,
			);
			defaultConfigurationIsVisible = 0;
			defaultConfigurationName = Release;
		};
		A1000024 /* Build configuration list for PBXProject "SudokuGame" */ = {
			isa = XCConfigurationList;
			buildConfigurations = (
				A1000025 /* Debug */,
				A1000026 /* Release */,
			);
			defaultConfigurationIsVisible = 0;
			defaultConfigurationName = Release;
		};
/* End XCConfigurationList section */
	};
	rootObject = A1000023 /* Project object */;
}
